
Microsoft Visual Studio Solution File, Format Version 10.00
# Visual Studio 2008
Project("{FAE04EC0-301F-11D3-BF4B-00C04F79EFBC}") = "M1", "M1.csproj", "{C24D2810-51ED-41F6-A1DE-0153E611850C}"
EndProject
Global
	GlobalSection(SolutionConfigurationPlatforms) = preSolution
		Debug|Any CPU = Debug|Any CPU
		Release|Any CPU = Release|Any CPU
	EndGlobalSection
	GlobalSection(ProjectConfigurationPlatforms) = postSolution
		{C24D2810-51ED-41F6-A1DE-0153E611850C}.Debug|Any CPU.ActiveCfg = Debug|Any CPU
		{C24D2810-51ED-41F6-A1DE-0153E611850C}.Debug|Any CPU.Build.0 = Debug|Any CPU
		{C24D2810-51ED-41F6-A1DE-0153E611850C}.Release|Any CPU.ActiveCfg = Release|Any CPU
		{C24D2810-51ED-41F6-A1DE-0153E611850C}.Release|Any CPU.Build.0 = Release|Any CPU
	EndGlobalSection
	GlobalSection(SolutionProperties) = preSolution
		HideSolutionNode = FALSE
	EndGlobalSection
EndGlobal
